
Microsoft Visual Studio Solution File, Format Version 11.00
# Visual Studio 2010
Project("{FAE04EC0-301F-11D3-BF4B-00C04F79EFBC}") = "MetaData_Verifier", "MetaData_Verifier\MetaData_Verifier.csproj", "{3CCD25F6-DB8F-4384-BEC8-DAD7FB454C12}"
EndProject
Global
	GlobalSection(SolutionConfigurationPlatforms) = preSolution
		Debug|x86 = Debug|x86
		Release|x86 = Release|x86
	EndGlobalSection
	GlobalSection(ProjectConfigurationPlatforms) = postSolution
		{3CCD25F6-DB8F-4384-BEC8-DAD7FB454C12}.Debug|x86.ActiveCfg = Debug|x86
		{3CCD25F6-DB8F-4384-BEC8-DAD7FB454C12}.Debug|x86.Build.0 = Debug|x86
		{3CCD25F6-DB8F-4384-BEC8-DAD7FB454C12}.Release|x86.ActiveCfg = Release|x86
		{3CCD25F6-DB8F-4384-BEC8-DAD7FB454C12}.Release|x86.Build.0 = Release|x86
	EndGlobalSection
	GlobalSection(SolutionProperties) = preSolution
		HideSolutionNode = FALSE
	EndGlobalSection
EndGlobal
